# THIS IS AN AUTOGENERATED FILE. DO NOT EDIT THIS FILE DIRECTLY.
# yarn lockfile v1


"@fortawesome/fontawesome-free@^6.7.2":
  version "6.7.2"
  resolved "https://registry.npmjs.org/@fortawesome/fontawesome-free/-/fontawesome-free-6.7.2.tgz"
  integrity sha512-JUOtgFW6k9u4Y+xeIaEiLr3+cjoUPiAuLXoyKOJSia6Duzb7pq+A76P9ZdPDoAoxHdHzq6gE9/jKBGXlZT8FbA==

"@fullcalendar/core@^6.1.15", "@fullcalendar/core@~6.1.15":
  version "6.1.15"
  resolved "https://registry.npmjs.org/@fullcalendar/core/-/core-6.1.15.tgz"
  integrity sha512-BuX7o6ALpLb84cMw1FCB9/cSgF4JbVO894cjJZ6kP74jzbUZNjtwffwRdA+Id8rrLjT30d/7TrkW90k4zbXB5Q==
  dependencies:
    preact "~10.12.1"

"@fullcalendar/daygrid@^6.1.15", "@fullcalendar/daygrid@~6.1.15":
  version "6.1.15"
  resolved "https://registry.npmjs.org/@fullcalendar/daygrid/-/daygrid-6.1.15.tgz"
  integrity sha512-j8tL0HhfiVsdtOCLfzK2J0RtSkiad3BYYemwQKq512cx6btz6ZZ2RNc/hVnIxluuWFyvx5sXZwoeTJsFSFTEFA==

"@fullcalendar/interaction@~6.1.15":
  version "6.1.15"
  resolved "https://registry.npmjs.org/@fullcalendar/interaction/-/interaction-6.1.15.tgz"
  integrity sha512-DOTSkofizM7QItjgu7W68TvKKvN9PSEEvDJceyMbQDvlXHa7pm/WAVtAc6xSDZ9xmB1QramYoWGLHkCYbTW1rQ==

"@fullcalendar/list@~6.1.15":
  version "6.1.15"
  resolved "https://registry.npmjs.org/@fullcalendar/list/-/list-6.1.15.tgz"
  integrity sha512-U1bce04tYDwkFnuVImJSy2XalYIIQr6YusOWRPM/5ivHcJh67Gm8CIMSWpi3KdRSNKFkqBxLPkfZGBMaOcJYug==

"@fullcalendar/multimonth@~6.1.15":
  version "6.1.15"
  resolved "https://registry.npmjs.org/@fullcalendar/multimonth/-/multimonth-6.1.15.tgz"
  integrity sha512-sEZY6jbOYkeF9TwhUldG+UUVv+hiPlGkS8zZEgPR7ypcjhipyA03c5rPjx7N6huOHqh6lCMH59zlohLooQRlaw==
  dependencies:
    "@fullcalendar/daygrid" "~6.1.15"

"@fullcalendar/timegrid@~6.1.15":
  version "6.1.15"
  resolved "https://registry.npmjs.org/@fullcalendar/timegrid/-/timegrid-6.1.15.tgz"
  integrity sha512-61ORr3A148RtxQ2FNG7JKvacyA/TEVZ7z6I+3E9Oeu3dqTf6M928bFcpehRTIK6zIA6Yifs7BeWHgOE9dFnpbw==
  dependencies:
    "@fullcalendar/daygrid" "~6.1.15"

"@kurkle/color@^0.3.0":
  version "0.3.4"
  resolved "https://registry.npmjs.org/@kurkle/color/-/color-0.3.4.tgz"
  integrity sha512-M5UknZPHRu3DEDWoipU6sE8PdkZ6Z/S+v4dD+Ke8IaNlpdSQah50lz1KtcFBa2vsdOnwbbnxJwVM4wty6udA5w==

"@popperjs/core@^2.11.8":
  version "2.11.8"
  resolved "https://registry.npmjs.org/@popperjs/core/-/core-2.11.8.tgz"
  integrity sha512-P1st0aksCrn9sGZhp8GMYwBnQsbvAWsZAX44oXNNvLHGqAOcoVxmjZiohstwQ7SqKnbR47akdNi+uleWD8+g6A==

"@types/chart.js@^2.9.41":
  version "2.9.41"
  resolved "https://registry.npmjs.org/@types/chart.js/-/chart.js-2.9.41.tgz"
  integrity sha512-3dvkDvueckY83UyUXtJMalYoH6faOLkWQoaTlJgB4Djde3oORmNP0Jw85HtzTuXyliUHcdp704s0mZFQKio/KQ==
  dependencies:
    moment "^2.10.2"

"@types/fullcalendar@^3.8.0":
  version "3.8.0"
  resolved "https://registry.npmjs.org/@types/fullcalendar/-/fullcalendar-3.8.0.tgz"
  integrity sha512-uxYNAnvH7s3asQjkH8p0K1V4ENMLQDGNmFHWA7/iRZwU13A7RCOvnNoRapEIIRx8hI/+wHWkd4Q9KmpVCQfIEg==
  dependencies:
    fullcalendar "*"

bootstrap@^5.3.3:
  version "5.3.3"
  resolved "https://registry.npmjs.org/bootstrap/-/bootstrap-5.3.3.tgz"
  integrity sha512-8HLCdWgyoMguSO9o+aH+iuZ+aht+mzW0u3HIMzVu7Srrpv7EBBxTnrFlSCskwdY1+EOFQSm7uMJhNQHkdPcmjg==

chart.js@^4.4.8:
  version "4.4.8"
  resolved "https://registry.npmjs.org/chart.js/-/chart.js-4.4.8.tgz"
  integrity sha512-IkGZlVpXP+83QpMm4uxEiGqSI7jFizwVtF3+n5Pc3k7sMO+tkd0qxh2OzLhenM0K80xtmAONWGBn082EiBQSDA==
  dependencies:
    "@kurkle/color" "^0.3.0"

fullcalendar@*:
  version "6.1.15"
  resolved "https://registry.npmjs.org/fullcalendar/-/fullcalendar-6.1.15.tgz"
  integrity sha512-CFnh1yswjRh9puJVDk8VGwTlyZ6eXxr4qLI7QCA0+bozyAm+BluP1US5mOtgk0gEq23nQxGSNDoBvAraz++saQ==
  dependencies:
    "@fullcalendar/core" "~6.1.15"
    "@fullcalendar/daygrid" "~6.1.15"
    "@fullcalendar/interaction" "~6.1.15"
    "@fullcalendar/list" "~6.1.15"
    "@fullcalendar/multimonth" "~6.1.15"
    "@fullcalendar/timegrid" "~6.1.15"

moment@^2.10.2:
  version "2.30.1"
  resolved "https://registry.npmjs.org/moment/-/moment-2.30.1.tgz"
  integrity sha512-uEmtNhbDOrWPFS+hdjFCBfy9f2YoyzRpwcl+DqpC6taX21FzsTLQVbMV/W7PzNSX6x/bhC1zA3c2UQ5NzH6how==

preact@~10.12.1:
  version "10.12.1"
  resolved "https://registry.npmjs.org/preact/-/preact-10.12.1.tgz"
  integrity sha512-l8386ixSsBdbreOAkqtrwqHwdvR35ID8c3rKPa8lCWuO86dBi32QWHV4vfsZK1utLLFMvw+Z5Ad4XLkZzchscg==
